
Microsoft Visual Studio Solution File, Format Version 12.00
# Visual Studio 15
VisualStudioVersion = 15.0.27703.2042
MinimumVisualStudioVersion = 10.0.40219.1
Project("{FAE04EC0-301F-11D3-BF4B-00C04F79EFBC}") = "TaskManagerApplication", "TaskManagerApplication\TaskManagerApplication.csproj", "{21F69FC5-48C1-4CAB-8F5A-B6584093589E}"
EndProject
Project("{FAE04EC0-301F-11D3-BF4B-00C04F79EFBC}") = "TaskManagerApplication.DataAccess", "TaskManagerApplication.DataAccess\TaskManagerApplication.DataAccess.csproj", "{86E34A96-8530-4A03-BD65-2E925F6BCC62}"
EndProject
Global
	GlobalSection(SolutionConfigurationPlatforms) = preSolution
		Debug|Any CPU = Debug|Any CPU
		Release|Any CPU = Release|Any CPU
	EndGlobalSection
	GlobalSection(ProjectConfigurationPlatforms) = postSolution
		{21F69FC5-48C1-4CAB-8F5A-B6584093589E}.Debug|Any CPU.ActiveCfg = Debug|Any CPU
		{21F69FC5-48C1-4CAB-8F5A-B6584093589E}.Debug|Any CPU.Build.0 = Debug|Any CPU
		{21F69FC5-48C1-4CAB-8F5A-B6584093589E}.Release|Any CPU.ActiveCfg = Release|Any CPU
		{21F69FC5-48C1-4CAB-8F5A-B6584093589E}.Release|Any CPU.Build.0 = Release|Any CPU
		{86E34A96-8530-4A03-BD65-2E925F6BCC62}.Debug|Any CPU.ActiveCfg = Debug|Any CPU
		{86E34A96-8530-4A03-BD65-2E925F6BCC62}.Debug|Any CPU.Build.0 = Debug|Any CPU
		{86E34A96-8530-4A03-BD65-2E925F6BCC62}.Release|Any CPU.ActiveCfg = Release|Any CPU
		{86E34A96-8530-4A03-BD65-2E925F6BCC62}.Release|Any CPU.Build.0 = Release|Any CPU
	EndGlobalSection
	GlobalSection(SolutionProperties) = preSolution
		HideSolutionNode = FALSE
	EndGlobalSection
	GlobalSection(ExtensibilityGlobals) = postSolution
		SolutionGuid = {E650AB40-7C68-4059-942A-D2146BADB3F7}
	EndGlobalSection
EndGlobal
